
Microsoft Visual Studio Solution File, Format Version 12.00
# Visual Studio 15
VisualStudioVersion = 15.0.27130.2036
MinimumVisualStudioVersion = 10.0.40219.1
Project("{FAE04EC0-301F-11D3-BF4B-00C04F79EFBC}") = "CalculadoraCompleta", "CalculadoraCompleta\CalculadoraCompleta.csproj", "{41F2DFE5-B944-41EA-9E67-BFEA0EFF1FE5}"
EndProject
Global
	GlobalSection(SolutionConfigurationPlatforms) = preSolution
		Debug|Any CPU = Debug|Any CPU
		Release|Any CPU = Release|Any CPU
	EndGlobalSection
	GlobalSection(ProjectConfigurationPlatforms) = postSolution
		{41F2DFE5-B944-41EA-9E67-BFEA0EFF1FE5}.Debug|Any CPU.ActiveCfg = Debug|Any CPU
		{41F2DFE5-B944-41EA-9E67-BFEA0EFF1FE5}.Debug|Any CPU.Build.0 = Debug|Any CPU
		{41F2DFE5-B944-41EA-9E67-BFEA0EFF1FE5}.Release|Any CPU.ActiveCfg = Release|Any CPU
		{41F2DFE5-B944-41EA-9E67-BFEA0EFF1FE5}.Release|Any CPU.Build.0 = Release|Any CPU
	EndGlobalSection
	GlobalSection(SolutionProperties) = preSolution
		HideSolutionNode = FALSE
	EndGlobalSection
	GlobalSection(ExtensibilityGlobals) = postSolution
		SolutionGuid = {7BC21130-439C-48FB-90D6-8E830FE2083D}
	EndGlobalSection
EndGlobal
